{
  "name": "subway",
  "version": "1.0.0",
  "lockfileVersion": 1,
  "requires": true,
  "dependencies": {
    "crypto-js": {
      "version": "4.0.0",
      "resolved": "https://registry.npm.taobao.org/crypto-js/download/crypto-js-4.0.0.tgz",
      "integrity": "sha1-KQSrJnep0EKFai6i74DekuSjbcw="
    },
    "js-base64": {
      "version": "3.6.1",
      "resolved": "https://registry.nlark.com/js-base64/download/js-base64-3.6.1.tgz?cache=0&sync_timestamp=1621703335082&other_urls=https%3A%2F%2Fregistry.nlark.com%2Fjs-base64%2Fdownload%2Fjs-base64-3.6.1.tgz",
      "integrity": "sha1-VVquOYt0aUtAN68filpiCdFw774="
    },
    "uuid": {
      "version": "8.3.2",
      "resolved": "https://registry.npm.taobao.org/uuid/download/uuid-8.3.2.tgz?cache=0&sync_timestamp=1607460077975&other_urls=https%3A%2F%2Fregistry.npm.taobao.org%2Fuuid%2Fdownload%2Fuuid-8.3.2.tgz",
      "integrity": "sha1-gNW1ztJxu5r2xEXyGhoExgbO++I="
    }
  }
}
